// !$*UTF8*$!
{
	archiveVersion = 1;
	classes = {
	};
	objectVersion = 56;
	objects = {

/* Begin PBXBuildFile section */
		A55B7B732C7F369E002F9414 /* iDineApp.swift in Sources */ = {isa = PBXBuildFile; fileRef = A55B7B722C7F369E002F9414 /* iDineApp.swift */; };
		A55B7B752C7F369E002F9414 /* ContentView.swift in Sources */ = {isa = PBXBuildFile; fileRef = A55B7B742C7F369E002F9414 /* ContentView.swift */; };
		A55B7B772C7F369E002F9414 /* Item.swift in Sources */ = {isa = PBXBuildFile; fileRef = A55B7B762C7F369E002F9414 /* Item.swift */; };
		A55B7B792C7F369F002F9414 /* Assets.xcassets in Resources */ = {isa = PBXBuildFile; fileRef = A55B7B782C7F369F002F9414 /* Assets.xcassets */; };
		A55B7B7C2C7F369F002F9414 /* Preview Assets.xcassets in Resources */ = {isa = PBXBuildFile; fileRef = A55B7B7B2C7F369F002F9414 /* Preview Assets.xcassets */; };
		A55B7B862C7F369F002F9414 /* iDineTests.swift in Sources */ = {isa = PBXBuildFile; fileRef = A55B7B852C7F369F002F9414 /* iDineTests.swift */; };
		A55B7B902C7F369F002F9414 /* iDineUITests.swift in Sources */ = {isa = PBXBuildFile; fileRef = A55B7B8F2C7F369F002F9414 /* iDineUITests.swift */; };
		A55B7B922C7F369F002F9414 /* iDineUITestsLaunchTests.swift in Sources */ = {isa = PBXBuildFile; fileRef = A55B7B912C7F369F002F9414 /* iDineUITestsLaunchTests.swift */; };
		A55B7BA22C7F3752002F9414 /* Menu.swift in Sources */ = {isa = PBXBuildFile; fileRef = A55B7B9E2C7F3752002F9414 /* Menu.swift */; };
		A55B7BA32C7F3752002F9414 /* Order.swift in Sources */ = {isa = PBXBuildFile; fileRef = A55B7B9F2C7F3752002F9414 /* Order.swift */; };
		A55B7BA42C7F3752002F9414 /* menu.json in Resources */ = {isa = PBXBuildFile; fileRef = A55B7BA02C7F3752002F9414 /* menu.json */; };
		A55B7BA52C7F3752002F9414 /* Helper.swift in Sources */ = {isa = PBXBuildFile; fileRef = A55B7BA12C7F3752002F9414 /* Helper.swift */; };
/* End PBXBuildFile section */

/* Begin PBXContainerItemProxy section */
		A55B7B822C7F369F002F9414 /* PBXContainerItemProxy */ = {
			isa = PBXContainerItemProxy;
			containerPortal = A55B7B672C7F369E002F9414 /* Project object */;
			proxyType = 1;
			remoteGlobalIDString = A55B7B6E2C7F369E002F9414;
			remoteInfo = iDine;
		};
		A55B7B8C2C7F369F002F9414 /* PBXContainerItemProxy */ = {
			isa = PBXContainerItemProxy;
			containerPortal = A55B7B672C7F369E002F9414 /* Project object */;
			proxyType = 1;
			remoteGlobalIDString = A55B7B6E2C7F369E002F9414;
			remoteInfo = iDine;
		};
/* End PBXContainerItemProxy section */

/* Begin PBXFileReference section */
		A55B7B6F2C7F369E002F9414 /* iDine.app */ = {isa = PBXFileReference; explicitFileType = wrapper.application; includeInIndex = 0; path = iDine.app; sourceTree = BUILT_PRODUCTS_DIR; };
		A55B7B722C7F369E002F9414 /* iDineApp.swift */ = {isa = PBXFileReference; lastKnownFileType = sourcecode.swift; path = iDineApp.swift; sourceTree = "<group>"; };
		A55B7B742C7F369E002F9414 /* ContentView.swift */ = {isa = PBXFileReference; lastKnownFileType = sourcecode.swift; path = ContentView.swift; sourceTree = "<group>"; };
		A55B7B762C7F369E002F9414 /* Item.swift */ = {isa = PBXFileReference; lastKnownFileType = sourcecode.swift; path = Item.swift; sourceTree = "<group>"; };
		A55B7B782C7F369F002F9414 /* Assets.xcassets */ = {isa = PBXFileReference; lastKnownFileType = folder.assetcatalog; path = Assets.xcassets; sourceTree = "<group>"; };
		A55B7B7B2C7F369F002F9414 /* Preview Assets.xcassets */ = {isa = PBXFileReference; lastKnownFileType = folder.assetcatalog; path = "Preview Assets.xcassets"; sourceTree = "<group>"; };
		A55B7B812C7F369F002F9414 /* iDineTests.xctest */ = {isa = PBXFileReference; explicitFileType = wrapper.cfbundle; includeInIndex = 0; path = iDineTests.xctest; sourceTree = BUILT_PRODUCTS_DIR; };
		A55B7B852C7F369F002F9414 /* iDineTests.swift */ = {isa = PBXFileReference; lastKnownFileType = sourcecode.swift; path = iDineTests.swift; sourceTree = "<group>"; };
		A55B7B8B2C7F369F002F9414 /* iDineUITests.xctest */ = {isa = PBXFileReference; explicitFileType = wrapper.cfbundle; includeInIndex = 0; path = iDineUITests.xctest; sourceTree = BUILT_PRODUCTS_DIR; };
		A55B7B8F2C7F369F002F9414 /* iDineUITests.swift */ = {isa = PBXFileReference; lastKnownFileType = sourcecode.swift; path = iDineUITests.swift; sourceTree = "<group>"; };
		A55B7B912C7F369F002F9414 /* iDineUITestsLaunchTests.swift */ = {isa = PBXFileReference; lastKnownFileType = sourcecode.swift; path = iDineUITestsLaunchTests.swift; sourceTree = "<group>"; };
		A55B7B9E2C7F3752002F9414 /* Menu.swift */ = {isa = PBXFileReference; fileEncoding = 4; lastKnownFileType = sourcecode.swift; path = Menu.swift; sourceTree = "<group>"; };
		A55B7B9F2C7F3752002F9414 /* Order.swift */ = {isa = PBXFileReference; fileEncoding = 4; lastKnownFileType = sourcecode.swift; path = Order.swift; sourceTree = "<group>"; };
		A55B7BA02C7F3752002F9414 /* menu.json */ = {isa = PBXFileReference; fileEncoding = 4; lastKnownFileType = text.json; path = menu.json; sourceTree = "<group>"; };
		A55B7BA12C7F3752002F9414 /* Helper.swift */ = {isa = PBXFileReference; fileEncoding = 4; lastKnownFileType = sourcecode.swift; path = Helper.swift; sourceTree = "<group>"; };
/* End PBXFileReference section */

/* Begin PBXFrameworksBuildPhase section */
		A55B7B6C2C7F369E002F9414 /* Frameworks */ = {
			isa = PBXFrameworksBuildPhase;
			buildActionMask = 2147483647;
			files = (
			);
			runOnlyForDeploymentPostprocessing = 0;
		};
		A55B7B7E2C7F369F002F9414 /* Frameworks */ = {
			isa = PBXFrameworksBuildPhase;
			buildActionMask = 2147483647;
			files = (
			);
			runOnlyForDeploymentPostprocessing = 0;
		};
		A55B7B882C7F369F002F9414 /* Frameworks */ = {
			isa = PBXFrameworksBuildPhase;
			buildActionMask = 2147483647;
			files = (
			);
			runOnlyForDeploymentPostprocessing = 0;
		};
/* End PBXFrameworksBuildPhase section */

/* Begin PBXGroup section */
		A55B7B662C7F369E002F9414 = {
			isa = PBXGroup;
			children = (
				A55B7B712C7F369E002F9414 /* iDine */,
				A55B7B842C7F369F002F9414 /* iDineTests */,
				A55B7B8E2C7F369F002F9414 /* iDineUITests */,
				A55B7B702C7F369E002F9414 /* Products */,
			);
			sourceTree = "<group>";
		};
		A55B7B702C7F369E002F9414 /* Products */ = {
			isa = PBXGroup;
			children = (
				A55B7B6F2C7F369E002F9414 /* iDine.app */,
				A55B7B812C7F369F002F9414 /* iDineTests.xctest */,
				A55B7B8B2C7F369F002F9414 /* iDineUITests.xctest */,
			);
			name = Products;
			sourceTree = "<group>";
		};
		A55B7B712C7F369E002F9414 /* iDine */ = {
			isa = PBXGroup;
			children = (
				A55B7BA12C7F3752002F9414 /* Helper.swift */,
				A55B7BA82C7F3B82002F9414 /* data */,
				A55B7BA92C7F3BAF002F9414 /* entity */,
				A55B7BA72C7F3B68002F9414 /* model */,
				A55B7BAA2C7F3BBA002F9414 /* ui */,
				A55B7B722C7F369E002F9414 /* iDineApp.swift */,
				A55B7B782C7F369F002F9414 /* Assets.xcassets */,
				A55B7B7A2C7F369F002F9414 /* Preview Content */,
			);
			path = iDine;
			sourceTree = "<group>";
		};
		A55B7B7A2C7F369F002F9414 /* Preview Content */ = {
			isa = PBXGroup;
			children = (
				A55B7B7B2C7F369F002F9414 /* Preview Assets.xcassets */,
			);
			path = "Preview Content";
			sourceTree = "<group>";
		};
		A55B7B842C7F369F002F9414 /* iDineTests */ = {
			isa = PBXGroup;
			children = (
				A55B7B852C7F369F002F9414 /* iDineTests.swift */,
			);
			path = iDineTests;
			sourceTree = "<group>";
		};
		A55B7B8E2C7F369F002F9414 /* iDineUITests */ = {
			isa = PBXGroup;
			children = (
				A55B7B8F2C7F369F002F9414 /* iDineUITests.swift */,
				A55B7B912C7F369F002F9414 /* iDineUITestsLaunchTests.swift */,
			);
			path = iDineUITests;
			sourceTree = "<group>";
		};
		A55B7BA72C7F3B68002F9414 /* model */ = {
			isa = PBXGroup;
			children = (
				A55B7B9E2C7F3752002F9414 /* Menu.swift */,
				A55B7B9F2C7F3752002F9414 /* Order.swift */,
			);
			path = model;
			sourceTree = "<group>";
		};
		A55B7BA82C7F3B82002F9414 /* data */ = {
			isa = PBXGroup;
			children = (
				A55B7BA02C7F3752002F9414 /* menu.json */,
			);
			path = data;
			sourceTree = "<group>";
		};
		A55B7BA92C7F3BAF002F9414 /* entity */ = {
			isa = PBXGroup;
			children = (
				A55B7B762C7F369E002F9414 /* Item.swift */,
			);
			path = entity;
			sourceTree = "<group>";
		};
		A55B7BAA2C7F3BBA002F9414 /* ui */ = {
			isa = PBXGroup;
			children = (
				A55B7B742C7F369E002F9414 /* ContentView.swift */,
			);
			path = ui;
			sourceTree = "<group>";
		};
/* End PBXGroup section */

/* Begin PBXNativeTarget section */
		A55B7B6E2C7F369E002F9414 /* iDine */ = {
			isa = PBXNativeTarget;
			buildConfigurationList = A55B7B952C7F369F002F9414 /* Build configuration list for PBXNativeTarget "iDine" */;
			buildPhases = (
				A55B7B6B2C7F369E002F9414 /* Sources */,
				A55B7B6C2C7F369E002F9414 /* Frameworks */,
				A55B7B6D2C7F369E002F9414 /* Resources */,
			);
			buildRules = (
			);
			dependencies = (
			);
			name = iDine;
			productName = iDine;
			productReference = A55B7B6F2C7F369E002F9414 /* iDine.app */;
			productType = "com.apple.product-type.application";
		};
		A55B7B802C7F369F002F9414 /* iDineTests */ = {
			isa = PBXNativeTarget;
			buildConfigurationList = A55B7B982C7F369F002F9414 /* Build configuration list for PBXNativeTarget "iDineTests" */;
			buildPhases = (
				A55B7B7D2C7F369F002F9414 /* Sources */,
				A55B7B7E2C7F369F002F9414 /* Frameworks */,
				A55B7B7F2C7F369F002F9414 /* Resources */,
			);
			buildRules = (
			);
			dependencies = (
				A55B7B832C7F369F002F9414 /* PBXTargetDependency */,
			);
			name = iDineTests;
			productName = iDineTests;
			productReference = A55B7B812C7F369F002F9414 /* iDineTests.xctest */;
			productType = "com.apple.product-type.bundle.unit-test";
		};
		A55B7B8A2C7F369F002F9414 /* iDineUITests */ = {
			isa = PBXNativeTarget;
			buildConfigurationList = A55B7B9B2C7F369F002F9414 /* Build configuration list for PBXNativeTarget "iDineUITests" */;
			buildPhases = (
				A55B7B872C7F369F002F9414 /* Sources */,
				A55B7B882C7F369F002F9414 /* Frameworks */,
				A55B7B892C7F369F002F9414 /* Resources */,
			);
			buildRules = (
			);
			dependencies = (
				A55B7B8D2C7F369F002F9414 /* PBXTargetDependency */,
			);
			name = iDineUITests;
			productName = iDineUITests;
			productReference = A55B7B8B2C7F369F002F9414 /* iDineUITests.xctest */;
			productType = "com.apple.product-type.bundle.ui-testing";
		};
/* End PBXNativeTarget section */

/* Begin PBXProject section */
		A55B7B672C7F369E002F9414 /* Project object */ = {
			isa = PBXProject;
			attributes = {
				BuildIndependentTargetsInParallel = 1;
				LastSwiftUpdateCheck = 1540;
				LastUpgradeCheck = 1540;
				TargetAttributes = {
					A55B7B6E2C7F369E002F9414 = {
						CreatedOnToolsVersion = 15.4;
					};
					A55B7B802C7F369F002F9414 = {
						CreatedOnToolsVersion = 15.4;
						TestTargetID = A55B7B6E2C7F369E002F9414;
					};
					A55B7B8A2C7F369F002F9414 = {
						CreatedOnToolsVersion = 15.4;
						TestTargetID = A55B7B6E2C7F369E002F9414;
					};
				};
			};
			buildConfigurationList = A55B7B6A2C7F369E002F9414 /* Build configuration list for PBXProject "iDine" */;
			compatibilityVersion = "Xcode 14.0";
			developmentRegion = en;
			hasScannedForEncodings = 0;
			knownRegions = (
				en,
				Base,
			);
			mainGroup = A55B7B662C7F369E002F9414;
			productRefGroup = A55B7B702C7F369E002F9414 /* Products */;
			projectDirPath = "";
			projectRoot = "";
			targets = (
				A55B7B6E2C7F369E002F9414 /* iDine */,
				A55B7B802C7F369F002F9414 /* iDineTests */,
				A55B7B8A2C7F369F002F9414 /* iDineUITests */,
			);
		};
/* End PBXProject section */

/* Begin PBXResourcesBuildPhase section */
		A55B7B6D2C7F369E002F9414 /* Resources */ = {
			isa = PBXResourcesBuildPhase;
			buildActionMask = 2147483647;
			files = (
				A55B7BA42C7F3752002F9414 /* menu.json in Resources */,
				A55B7B7C2C7F369F002F9414 /* Preview Assets.xcassets in Resources */,
				A55B7B792C7F369F002F9414 /* Assets.xcassets in Resources */,
			);
			runOnlyForDeploymentPostprocessing = 0;
		};
		A55B7B7F2C7F369F002F9414 /* Resources */ = {
			isa = PBXResourcesBuildPhase;
			buildActionMask = 2147483647;
			files = (
			);
			runOnlyForDeploymentPostprocessing = 0;
		};
		A55B7B892C7F369F002F9414 /* Resources */ = {
			isa = PBXResourcesBuildPhase;
			buildActionMask = 2147483647;
			files = (
			);
			runOnlyForDeploymentPostprocessing = 0;
		};
/* End PBXResourcesBuildPhase section */

/* Begin PBXSourcesBuildPhase section */
		A55B7B6B2C7F369E002F9414 /* Sources */ = {
			isa = PBXSourcesBuildPhase;
			buildActionMask = 2147483647;
			files = (
				A55B7B752C7F369E002F9414 /* ContentView.swift in Sources */,
				A55B7B772C7F369E002F9414 /* Item.swift in Sources */,
				A55B7BA32C7F3752002F9414 /* Order.swift in Sources */,
				A55B7BA22C7F3752002F9414 /* Menu.swift in Sources */,
				A55B7B732C7F369E002F9414 /* iDineApp.swift in Sources */,
				A55B7BA52C7F3752002F9414 /* Helper.swift in Sources */,
			);
			runOnlyForDeploymentPostprocessing = 0;
		};
		A55B7B7D2C7F369F002F9414 /* Sources */ = {
			isa = PBXSourcesBuildPhase;
			buildActionMask = 2147483647;
			files = (
				A55B7B862C7F369F002F9414 /* iDineTests.swift in Sources */,
			);
			runOnlyForDeploymentPostprocessing = 0;
		};
		A55B7B872C7F369F002F9414 /* Sources */ = {
			isa = PBXSourcesBuildPhase;
			buildActionMask = 2147483647;
			files = (
				A55B7B922C7F369F002F9414 /* iDineUITestsLaunchTests.swift in Sources */,
				A55B7B902C7F369F002F9414 /* iDineUITests.swift in Sources */,
			);
			runOnlyForDeploymentPostprocessing = 0;
		};
/* End PBXSourcesBuildPhase section */

/* Begin PBXTargetDependency section */
		A55B7B832C7F369F002F9414 /* PBXTargetDependency */ = {
			isa = PBXTargetDependency;
			target = A55B7B6E2C7F369E002F9414 /* iDine */;
			targetProxy = A55B7B822C7F369F002F9414 /* PBXContainerItemProxy */;
		};
		A55B7B8D2C7F369F002F9414 /* PBXTargetDependency */ = {
			isa = PBXTargetDependency;
			target = A55B7B6E2C7F369E002F9414 /* iDine */;
			targetProxy = A55B7B8C2C7F369F002F9414 /* PBXContainerItemProxy */;
		};
/* End PBXTargetDependency section */

/* Begin XCBuildConfiguration section */
		A55B7B932C7F369F002F9414 /* Debug */ = {
			isa = XCBuildConfiguration;
			buildSettings = {
				ALWAYS_SEARCH_USER_PATHS = NO;
				ASSETCATALOG_COMPILER_GENERATE_SWIFT_ASSET_SYMBOL_EXTENSIONS = YES;
				CLANG_ANALYZER_NONNULL = YES;
				CLANG_ANALYZER_NUMBER_OBJECT_CONVERSION = YES_AGGRESSIVE;
				CLANG_CXX_LANGUAGE_STANDARD = "gnu++20";
				CLANG_ENABLE_MODULES = YES;
				CLANG_ENABLE_OBJC_ARC = YES;
				CLANG_ENABLE_OBJC_WEAK = YES;
				CLANG_WARN_BLOCK_CAPTURE_AUTORELEASING = YES;
				CLANG_WARN_BOOL_CONVERSION = YES;
				CLANG_WARN_COMMA = YES;
				CLANG_WARN_CONSTANT_CONVERSION = YES;
				CLANG_WARN_DEPRECATED_OBJC_IMPLEMENTATIONS = YES;
				CLANG_WARN_DIRECT_OBJC_ISA_USAGE = YES_ERROR;
				CLANG_WARN_DOCUMENTATION_COMMENTS = YES;
				CLANG_WARN_EMPTY_BODY = YES;
				CLANG_WARN_ENUM_CONVERSION = YES;
				CLANG_WARN_INFINITE_RECURSION = YES;
				CLANG_WARN_INT_CONVERSION = YES;
				CLANG_WARN_NON_LITERAL_NULL_CONVERSION = YES;
				CLANG_WARN_OBJC_IMPLICIT_RETAIN_SELF = YES;
				CLANG_WARN_OBJC_LITERAL_CONVERSION = YES;
				CLANG_WARN_OBJC_ROOT_CLASS = YES_ERROR;
				CLANG_WARN_QUOTED_INCLUDE_IN_FRAMEWORK_HEADER = YES;
				CLANG_WARN_RANGE_LOOP_ANALYSIS = YES;
				CLANG_WARN_STRICT_PROTOTYPES = YES;
				CLANG_WARN_SUSPICIOUS_MOVE = YES;
				CLANG_WARN_UNGUARDED_AVAILABILITY = YES_AGGRESSIVE;
				CLANG_WARN_UNREACHABLE_CODE = YES;
				CLANG_WARN__DUPLICATE_METHOD_MATCH = YES;
				COPY_PHASE_STRIP = NO;
				DEBUG_INFORMATION_FORMAT = dwarf;
				ENABLE_STRICT_OBJC_MSGSEND = YES;
				ENABLE_TESTABILITY = YES;
				ENABLE_USER_SCRIPT_SANDBOXING = YES;
				GCC_C_LANGUAGE_STANDARD = gnu17;
				GCC_DYNAMIC_NO_PIC = NO;
				GCC_NO_COMMON_BLOCKS = YES;
				GCC_OPTIMIZATION_LEVEL = 0;
				GCC_PREPROCESSOR_DEFINITIONS = (
					"DEBUG=1",
					"$(inherited)",
				);
				GCC_WARN_64_TO_32_BIT_CONVERSION = YES;
				GCC_WARN_ABOUT_RETURN_TYPE = YES_ERROR;
				GCC_WARN_UNDECLARED_SELECTOR = YES;
				GCC_WARN_UNINITIALIZED_AUTOS = YES_AGGRESSIVE;
				GCC_WARN_UNUSED_FUNCTION = YES;
				GCC_WARN_UNUSED_VARIABLE = YES;
				IPHONEOS_DEPLOYMENT_TARGET = 17.5;
				LOCALIZATION_PREFERS_STRING_CATALOGS = YES;
				MTL_ENABLE_DEBUG_INFO = INCLUDE_SOURCE;
				MTL_FAST_MATH = YES;
				ONLY_ACTIVE_ARCH = YES;
				SDKROOT = iphoneos;
				SWIFT_ACTIVE_COMPILATION_CONDITIONS = "DEBUG $(inherited)";
				SWIFT_OPTIMIZATION_LEVEL = "-Onone";
			};
			name = Debug;
		};
		A55B7B942C7F369F002F9414 /* Release */ = {
			isa = XCBuildConfiguration;
			buildSettings = {
				ALWAYS_SEARCH_USER_PATHS = NO;
				ASSETCATALOG_COMPILER_GENERATE_SWIFT_ASSET_SYMBOL_EXTENSIONS = YES;
				CLANG_ANALYZER_NONNULL = YES;
				CLANG_ANALYZER_NUMBER_OBJECT_CONVERSION = YES_AGGRESSIVE;
				CLANG_CXX_LANGUAGE_STANDARD = "gnu++20";
				CLANG_ENABLE_MODULES = YES;
				CLANG_ENABLE_OBJC_ARC = YES;
				CLANG_ENABLE_OBJC_WEAK = YES;
				CLANG_WARN_BLOCK_CAPTURE_AUTORELEASING = YES;
				CLANG_WARN_BOOL_CONVERSION = YES;
				CLANG_WARN_COMMA = YES;
				CLANG_WARN_CONSTANT_CONVERSION = YES;
				CLANG_WARN_DEPRECATED_OBJC_IMPLEMENTATIONS = YES;
				CLANG_WARN_DIRECT_OBJC_ISA_USAGE = YES_ERROR;
				CLANG_WARN_DOCUMENTATION_COMMENTS = YES;
				CLANG_WARN_EMPTY_BODY = YES;
				CLANG_WARN_ENUM_CONVERSION = YES;
				CLANG_WARN_INFINITE_RECURSION = YES;
				CLANG_WARN_INT_CONVERSION = YES;
				CLANG_WARN_NON_LITERAL_NULL_CONVERSION = YES;
				CLANG_WARN_OBJC_IMPLICIT_RETAIN_SELF = YES;
				CLANG_WARN_OBJC_LITERAL_CONVERSION = YES;
				CLANG_WARN_OBJC_ROOT_CLASS = YES_ERROR;
				CLANG_WARN_QUOTED_INCLUDE_IN_FRAMEWORK_HEADER = YES;
				CLANG_WARN_RANGE_LOOP_ANALYSIS = YES;
				CLANG_WARN_STRICT_PROTOTYPES = YES;
				CLANG_WARN_SUSPICIOUS_MOVE = YES;
				CLANG_WARN_UNGUARDED_AVAILABILITY = YES_AGGRESSIVE;
				CLANG_WARN_UNREACHABLE_CODE = YES;
				CLANG_WARN__DUPLICATE_METHOD_MATCH = YES;
				COPY_PHASE_STRIP = NO;
				DEBUG_INFORMATION_FORMAT = "dwarf-with-dsym";
				ENABLE_NS_ASSERTIONS = NO;
				ENABLE_STRICT_OBJC_MSGSEND = YES;
				ENABLE_USER_SCRIPT_SANDBOXING = YES;
				GCC_C_LANGUAGE_STANDARD = gnu17;
				GCC_NO_COMMON_BLOCKS = YES;
				GCC_WARN_64_TO_32_BIT_CONVERSION = YES;
				GCC_WARN_ABOUT_RETURN_TYPE = YES_ERROR;
				GCC_WARN_UNDECLARED_SELECTOR = YES;
				GCC_WARN_UNINITIALIZED_AUTOS = YES_AGGRESSIVE;
				GCC_WARN_UNUSED_FUNCTION = YES;
				GCC_WARN_UNUSED_VARIABLE = YES;
				IPHONEOS_DEPLOYMENT_TARGET = 17.5;
				LOCALIZATION_PREFERS_STRING_CATALOGS = YES;
				MTL_ENABLE_DEBUG_INFO = NO;
				MTL_FAST_MATH = YES;
				SDKROOT = iphoneos;
				SWIFT_COMPILATION_MODE = wholemodule;
				VALIDATE_PRODUCT = YES;
			};
			name = Release;
		};
		A55B7B962C7F369F002F9414 /* Debug */ = {
			isa = XCBuildConfiguration;
			buildSettings = {
				ASSETCATALOG_COMPILER_APPICON_NAME = AppIcon;
				ASSETCATALOG_COMPILER_GLOBAL_ACCENT_COLOR_NAME = AccentColor;
				CODE_SIGN_STYLE = Automatic;
				CURRENT_PROJECT_VERSION = 1;
				DEVELOPMENT_ASSET_PATHS = "\"iDine/Preview Content\"";
				ENABLE_PREVIEWS = YES;
				GENERATE_INFOPLIST_FILE = YES;
				INFOPLIST_KEY_UIApplicationSceneManifest_Generation = YES;
				INFOPLIST_KEY_UIApplicationSupportsIndirectInputEvents = YES;
				INFOPLIST_KEY_UILaunchScreen_Generation = YES;
				INFOPLIST_KEY_UISupportedInterfaceOrientations_iPad = "UIInterfaceOrientationPortrait UIInterfaceOrientationPortraitUpsideDown UIInterfaceOrientationLandscapeLeft UIInterfaceOrientationLandscapeRight";
				INFOPLIST_KEY_UISupportedInterfaceOrientations_iPhone = "UIInterfaceOrientationPortrait UIInterfaceOrientationLandscapeLeft UIInterfaceOrientationLandscapeRight";
				LD_RUNPATH_SEARCH_PATHS = (
					"$(inherited)",
					"@executable_path/Frameworks",
				);
				MARKETING_VERSION = 1.0;
				PRODUCT_BUNDLE_IDENTIFIER = com.samples.swift.iDine;
				PRODUCT_NAME = "$(TARGET_NAME)";
				SWIFT_EMIT_LOC_STRINGS = YES;
				SWIFT_VERSION = 5.0;
				TARGETED_DEVICE_FAMILY = "1,2";
			};
			name = Debug;
		};
		A55B7B972C7F369F002F9414 /* Release */ = {
			isa = XCBuildConfiguration;
			buildSettings = {
				ASSETCATALOG_COMPILER_APPICON_NAME = AppIcon;
				ASSETCATALOG_COMPILER_GLOBAL_ACCENT_COLOR_NAME = AccentColor;
				CODE_SIGN_STYLE = Automatic;
				CURRENT_PROJECT_VERSION = 1;
				DEVELOPMENT_ASSET_PATHS = "\"iDine/Preview Content\"";
				ENABLE_PREVIEWS = YES;
				GENERATE_INFOPLIST_FILE = YES;
				INFOPLIST_KEY_UIApplicationSceneManifest_Generation = YES;
				INFOPLIST_KEY_UIApplicationSupportsIndirectInputEvents = YES;
				INFOPLIST_KEY_UILaunchScreen_Generation = YES;
				INFOPLIST_KEY_UISupportedInterfaceOrientations_iPad = "UIInterfaceOrientationPortrait UIInterfaceOrientationPortraitUpsideDown UIInterfaceOrientationLandscapeLeft UIInterfaceOrientationLandscapeRight";
				INFOPLIST_KEY_UISupportedInterfaceOrientations_iPhone = "UIInterfaceOrientationPortrait UIInterfaceOrientationLandscapeLeft UIInterfaceOrientationLandscapeRight";
				LD_RUNPATH_SEARCH_PATHS = (
					"$(inherited)",
					"@executable_path/Frameworks",
				);
				MARKETING_VERSION = 1.0;
				PRODUCT_BUNDLE_IDENTIFIER = com.samples.swift.iDine;
				PRODUCT_NAME = "$(TARGET_NAME)";
				SWIFT_EMIT_LOC_STRINGS = YES;
				SWIFT_VERSION = 5.0;
				TARGETED_DEVICE_FAMILY = "1,2";
			};
			name = Release;
		};
		A55B7B992C7F369F002F9414 /* Debug */ = {
			isa = XCBuildConfiguration;
			buildSettings = {
				ALWAYS_EMBED_SWIFT_STANDARD_LIBRARIES = YES;
				BUNDLE_LOADER = "$(TEST_HOST)";
				CODE_SIGN_STYLE = Automatic;
				CURRENT_PROJECT_VERSION = 1;
				GENERATE_INFOPLIST_FILE = YES;
				IPHONEOS_DEPLOYMENT_TARGET = 17.5;
				MARKETING_VERSION = 1.0;
				PRODUCT_BUNDLE_IDENTIFIER = com.samples.swift.iDineTests;
				PRODUCT_NAME = "$(TARGET_NAME)";
				SWIFT_EMIT_LOC_STRINGS = NO;
				SWIFT_VERSION = 5.0;
				TARGETED_DEVICE_FAMILY = "1,2";
				TEST_HOST = "$(BUILT_PRODUCTS_DIR)/iDine.app/$(BUNDLE_EXECUTABLE_FOLDER_PATH)/iDine";
			};
			name = Debug;
		};
		A55B7B9A2C7F369F002F9414 /* Release */ = {
			isa = XCBuildConfiguration;
			buildSettings = {
				ALWAYS_EMBED_SWIFT_STANDARD_LIBRARIES = YES;
				BUNDLE_LOADER = "$(TEST_HOST)";
				CODE_SIGN_STYLE = Automatic;
				CURRENT_PROJECT_VERSION = 1;
				GENERATE_INFOPLIST_FILE = YES;
				IPHONEOS_DEPLOYMENT_TARGET = 17.5;
				MARKETING_VERSION = 1.0;
				PRODUCT_BUNDLE_IDENTIFIER = com.samples.swift.iDineTests;
				PRODUCT_NAME = "$(TARGET_NAME)";
				SWIFT_EMIT_LOC_STRINGS = NO;
				SWIFT_VERSION = 5.0;
				TARGETED_DEVICE_FAMILY = "1,2";
				TEST_HOST = "$(BUILT_PRODUCTS_DIR)/iDine.app/$(BUNDLE_EXECUTABLE_FOLDER_PATH)/iDine";
			};
			name = Release;
		};
		A55B7B9C2C7F369F002F9414 /* Debug */ = {
			isa = XCBuildConfiguration;
			buildSettings = {
				ALWAYS_EMBED_SWIFT_STANDARD_LIBRARIES = YES;
				CODE_SIGN_STYLE = Automatic;
				CURRENT_PROJECT_VERSION = 1;
				GENERATE_INFOPLIST_FILE = YES;
				MARKETING_VERSION = 1.0;
				PRODUCT_BUNDLE_IDENTIFIER = com.samples.swift.iDineUITests;
				PRODUCT_NAME = "$(TARGET_NAME)";
				SWIFT_EMIT_LOC_STRINGS = NO;
				SWIFT_VERSION = 5.0;
				TARGETED_DEVICE_FAMILY = "1,2";
				TEST_TARGET_NAME = iDine;
			};
			name = Debug;
		};
		A55B7B9D2C7F369F002F9414 /* Release */ = {
			isa = XCBuildConfiguration;
			buildSettings = {
				ALWAYS_EMBED_SWIFT_STANDARD_LIBRARIES = YES;
				CODE_SIGN_STYLE = Automatic;
				CURRENT_PROJECT_VERSION = 1;
				GENERATE_INFOPLIST_FILE = YES;
				MARKETING_VERSION = 1.0;
				PRODUCT_BUNDLE_IDENTIFIER = com.samples.swift.iDineUITests;
				PRODUCT_NAME = "$(TARGET_NAME)";
				SWIFT_EMIT_LOC_STRINGS = NO;
				SWIFT_VERSION = 5.0;
				TARGETED_DEVICE_FAMILY = "1,2";
				TEST_TARGET_NAME = iDine;
			};
			name = Release;
		};
/* End XCBuildConfiguration section */

/* Begin XCConfigurationList section */
		A55B7B6A2C7F369E002F9414 /* Build configuration list for PBXProject "iDine" */ = {
			isa = XCConfigurationList;
			buildConfigurations = (
				A55B7B932C7F369F002F9414 /* Debug */,
				A55B7B942C7F369F002F9414 /* Release */,
			);
			defaultConfigurationIsVisible = 0;
			defaultConfigurationName = Release;
		};
		A55B7B952C7F369F002F9414 /* Build configuration list for PBXNativeTarget "iDine" */ = {
			isa = XCConfigurationList;
			buildConfigurations = (
				A55B7B962C7F369F002F9414 /* Debug */,
				A55B7B972C7F369F002F9414 /* Release */,
			);
			defaultConfigurationIsVisible = 0;
			defaultConfigurationName = Release;
		};
		A55B7B982C7F369F002F9414 /* Build configuration list for PBXNativeTarget "iDineTests" */ = {
			isa = XCConfigurationList;
			buildConfigurations = (
				A55B7B992C7F369F002F9414 /* Debug */,
				A55B7B9A2C7F369F002F9414 /* Release */,
			);
			defaultConfigurationIsVisible = 0;
			defaultConfigurationName = Release;
		};
		A55B7B9B2C7F369F002F9414 /* Build configuration list for PBXNativeTarget "iDineUITests" */ = {
			isa = XCConfigurationList;
			buildConfigurations = (
				A55B7B9C2C7F369F002F9414 /* Debug */,
				A55B7B9D2C7F369F002F9414 /* Release */,
			);
			defaultConfigurationIsVisible = 0;
			defaultConfigurationName = Release;
		};
/* End XCConfigurationList section */
	};
	rootObject = A55B7B672C7F369E002F9414 /* Project object */;
}
